// !$*UTF8*$!
{
	archiveVersion = 1;
	classes = {
	};
	objectVersion = 56;
	objects = {

/* Begin PBXBuildFile section */
		F9153DEA2B3325AE00817E3A /* AppDelegate.swift in Sources */ = {isa = PBXBuildFile; fileRef = F9153DE92B3325AE00817E3A /* AppDelegate.swift */; };
		F9153DEC2B3325AE00817E3A /* SceneDelegate.swift in Sources */ = {isa = PBXBuildFile; fileRef = F9153DEB2B3325AE00817E3A /* SceneDelegate.swift */; };
		F9153DEE2B3325AE00817E3A /* ViewController.swift in Sources */ = {isa = PBXBuildFile; fileRef = F9153DED2B3325AE00817E3A /* ViewController.swift */; };
		F9153DF12B3325AE00817E3A /* Main.storyboard in Resources */ = {isa = PBXBuildFile; fileRef = F9153DEF2B3325AE00817E3A /* Main.storyboard */; };
		F9153DF32B3325AF00817E3A /* Assets.xcassets in Resources */ = {isa = PBXBuildFile; fileRef = F9153DF22B3325AF00817E3A /* Assets.xcassets */; };
		F9153DF62B3325AF00817E3A /* LaunchScreen.storyboard in Resources */ = {isa = PBXBuildFile; fileRef = F9153DF42B3325AF00817E3A /* LaunchScreen.storyboard */; };
		F9153E012B3325B000817E3A /* diet_appTests.swift in Sources */ = {isa = PBXBuildFile; fileRef = F9153E002B3325B000817E3A /* diet_appTests.swift */; };
		F9153E0B2B3325B000817E3A /* diet_appUITests.swift in Sources */ = {isa = PBXBuildFile; fileRef = F9153E0A2B3325B000817E3A /* diet_appUITests.swift */; };
		F9153E0D2B3325B000817E3A /* diet_appUITestsLaunchTests.swift in Sources */ = {isa = PBXBuildFile; fileRef = F9153E0C2B3325B000817E3A /* diet_appUITestsLaunchTests.swift */; };
		F9153E1A2B3327B200817E3A /* MainTabBarController.swift in Sources */ = {isa = PBXBuildFile; fileRef = F9153E192B3327B200817E3A /* MainTabBarController.swift */; };
		F9153E1C2B33BC1300817E3A /* CalendarViewController.swift in Sources */ = {isa = PBXBuildFile; fileRef = F9153E1B2B33BC1300817E3A /* CalendarViewController.swift */; };
		F9153E1F2B33BC4200817E3A /* GraphViewController.swift in Sources */ = {isa = PBXBuildFile; fileRef = F9153E1E2B33BC4200817E3A /* GraphViewController.swift */; };
/* End PBXBuildFile section */

/* Begin PBXContainerItemProxy section */
		F9153DFD2B3325B000817E3A /* PBXContainerItemProxy */ = {
			isa = PBXContainerItemProxy;
			containerPortal = F9153DDE2B3325AE00817E3A /* Project object */;
			proxyType = 1;
			remoteGlobalIDString = F9153DE52B3325AE00817E3A;
			remoteInfo = "diet app";
		};
		F9153E072B3325B000817E3A /* PBXContainerItemProxy */ = {
			isa = PBXContainerItemProxy;
			containerPortal = F9153DDE2B3325AE00817E3A /* Project object */;
			proxyType = 1;
			remoteGlobalIDString = F9153DE52B3325AE00817E3A;
			remoteInfo = "diet app";
		};
/* End PBXContainerItemProxy section */

/* Begin PBXFileReference section */
		F9153DE62B3325AE00817E3A /* diet app.app */ = {isa = PBXFileReference; explicitFileType = wrapper.application; includeInIndex = 0; path = "diet app.app"; sourceTree = BUILT_PRODUCTS_DIR; };
		F9153DE92B3325AE00817E3A /* AppDelegate.swift */ = {isa = PBXFileReference; lastKnownFileType = sourcecode.swift; path = AppDelegate.swift; sourceTree = "<group>"; };
		F9153DEB2B3325AE00817E3A /* SceneDelegate.swift */ = {isa = PBXFileReference; lastKnownFileType = sourcecode.swift; path = SceneDelegate.swift; sourceTree = "<group>"; };
		F9153DED2B3325AE00817E3A /* ViewController.swift */ = {isa = PBXFileReference; lastKnownFileType = sourcecode.swift; path = ViewController.swift; sourceTree = "<group>"; };
		F9153DF02B3325AE00817E3A /* Base */ = {isa = PBXFileReference; lastKnownFileType = file.storyboard; name = Base; path = Base.lproj/Main.storyboard; sourceTree = "<group>"; };
		F9153DF22B3325AF00817E3A /* Assets.xcassets */ = {isa = PBXFileReference; lastKnownFileType = folder.assetcatalog; path = Assets.xcassets; sourceTree = "<group>"; };
		F9153DF52B3325AF00817E3A /* Base */ = {isa = PBXFileReference; lastKnownFileType = file.storyboard; name = Base; path = Base.lproj/LaunchScreen.storyboard; sourceTree = "<group>"; };
		F9153DF72B3325AF00817E3A /* Info.plist */ = {isa = PBXFileReference; lastKnownFileType = text.plist.xml; path = Info.plist; sourceTree = "<group>"; };
		F9153DFC2B3325B000817E3A /* diet appTests.xctest */ = {isa = PBXFileReference; explicitFileType = wrapper.cfbundle; includeInIndex = 0; path = "diet appTests.xctest"; sourceTree = BUILT_PRODUCTS_DIR; };
		F9153E002B3325B000817E3A /* diet_appTests.swift */ = {isa = PBXFileReference; lastKnownFileType = sourcecode.swift; path = diet_appTests.swift; sourceTree = "<group>"; };
		F9153E062B3325B000817E3A /* diet appUITests.xctest */ = {isa = PBXFileReference; explicitFileType = wrapper.cfbundle; includeInIndex = 0; path = "diet appUITests.xctest"; sourceTree = BUILT_PRODUCTS_DIR; };
		F9153E0A2B3325B000817E3A /* diet_appUITests.swift */ = {isa = PBXFileReference; lastKnownFileType = sourcecode.swift; path = diet_appUITests.swift; sourceTree = "<group>"; };
		F9153E0C2B3325B000817E3A /* diet_appUITestsLaunchTests.swift */ = {isa = PBXFileReference; lastKnownFileType = sourcecode.swift; path = diet_appUITestsLaunchTests.swift; sourceTree = "<group>"; };
		F9153E192B3327B200817E3A /* MainTabBarController.swift */ = {isa = PBXFileReference; lastKnownFileType = sourcecode.swift; path = MainTabBarController.swift; sourceTree = "<group>"; };
		F9153E1B2B33BC1300817E3A /* CalendarViewController.swift */ = {isa = PBXFileReference; lastKnownFileType = sourcecode.swift; path = CalendarViewController.swift; sourceTree = "<group>"; };
		F9153E1E2B33BC4200817E3A /* GraphViewController.swift */ = {isa = PBXFileReference; lastKnownFileType = sourcecode.swift; path = GraphViewController.swift; sourceTree = "<group>"; };
/* End PBXFileReference section */

/* Begin PBXFrameworksBuildPhase section */
		F9153DE32B3325AE00817E3A /* Frameworks */ = {
			isa = PBXFrameworksBuildPhase;
			buildActionMask = 2147483647;
			files = (
			);
			runOnlyForDeploymentPostprocessing = 0;
		};
		F9153DF92B3325B000817E3A /* Frameworks */ = {
			isa = PBXFrameworksBuildPhase;
			buildActionMask = 2147483647;
			files = (
			);
			runOnlyForDeploymentPostprocessing = 0;
		};
		F9153E032B3325B000817E3A /* Frameworks */ = {
			isa = PBXFrameworksBuildPhase;
			buildActionMask = 2147483647;
			files = (
			);
			runOnlyForDeploymentPostprocessing = 0;
		};
/* End PBXFrameworksBuildPhase section */

/* Begin PBXGroup section */
		F9153DDD2B3325AE00817E3A = {
			isa = PBXGroup;
			children = (
				F9153DE82B3325AE00817E3A /* diet app */,
				F9153DFF2B3325B000817E3A /* diet appTests */,
				F9153E092B3325B000817E3A /* diet appUITests */,
				F9153DE72B3325AE00817E3A /* Products */,
			);
			sourceTree = "<group>";
		};
		F9153DE72B3325AE00817E3A /* Products */ = {
			isa = PBXGroup;
			children = (
				F9153DE62B3325AE00817E3A /* diet app.app */,
				F9153DFC2B3325B000817E3A /* diet appTests.xctest */,
				F9153E062B3325B000817E3A /* diet appUITests.xctest */,
			);
			name = Products;
			sourceTree = "<group>";
		};
		F9153DE82B3325AE00817E3A /* diet app */ = {
			isa = PBXGroup;
			children = (
				F9153DE92B3325AE00817E3A /* AppDelegate.swift */,
				F9153DEB2B3325AE00817E3A /* SceneDelegate.swift */,
				F9153DED2B3325AE00817E3A /* ViewController.swift */,
				F9153E192B3327B200817E3A /* MainTabBarController.swift */,
				F9153DEF2B3325AE00817E3A /* Main.storyboard */,
				F9153DF22B3325AF00817E3A /* Assets.xcassets */,
				F9153DF42B3325AF00817E3A /* LaunchScreen.storyboard */,
				F9153DF72B3325AF00817E3A /* Info.plist */,
				F9153E1B2B33BC1300817E3A /* CalendarViewController.swift */,
				F9153E1E2B33BC4200817E3A /* GraphViewController.swift */,
			);
			path = "diet app";
			sourceTree = "<group>";
		};
		F9153DFF2B3325B000817E3A /* diet appTests */ = {
			isa = PBXGroup;
			children = (
				F9153E002B3325B000817E3A /* diet_appTests.swift */,
			);
			path = "diet appTests";
			sourceTree = "<group>";
		};
		F9153E092B3325B000817E3A /* diet appUITests */ = {
			isa = PBXGroup;
			children = (
				F9153E0A2B3325B000817E3A /* diet_appUITests.swift */,
				F9153E0C2B3325B000817E3A /* diet_appUITestsLaunchTests.swift */,
			);
			path = "diet appUITests";
			sourceTree = "<group>";
		};
/* End PBXGroup section */

/* Begin PBXNativeTarget section */
		F9153DE52B3325AE00817E3A /* diet app */ = {
			isa = PBXNativeTarget;
			buildConfigurationList = F9153E102B3325B000817E3A /* Build configuration list for PBXNativeTarget "diet app" */;
			buildPhases = (
				F9153DE22B3325AE00817E3A /* Sources */,
				F9153DE32B3325AE00817E3A /* Frameworks */,
				F9153DE42B3325AE00817E3A /* Resources */,
			);
			buildRules = (
			);
			dependencies = (
			);
			name = "diet app";
			productName = "diet app";
			productReference = F9153DE62B3325AE00817E3A /* diet app.app */;
			productType = "com.apple.product-type.application";
		};
		F9153DFB2B3325B000817E3A /* diet appTests */ = {
			isa = PBXNativeTarget;
			buildConfigurationList = F9153E132B3325B000817E3A /* Build configuration list for PBXNativeTarget "diet appTests" */;
			buildPhases = (
				F9153DF82B3325B000817E3A /* Sources */,
				F9153DF92B3325B000817E3A /* Frameworks */,
				F9153DFA2B3325B000817E3A /* Resources */,
			);
			buildRules = (
			);
			dependencies = (
				F9153DFE2B3325B000817E3A /* PBXTargetDependency */,
			);
			name = "diet appTests";
			productName = "diet appTests";
			productReference = F9153DFC2B3325B000817E3A /* diet appTests.xctest */;
			productType = "com.apple.product-type.bundle.unit-test";
		};
		F9153E052B3325B000817E3A /* diet appUITests */ = {
			isa = PBXNativeTarget;
			buildConfigurationList = F9153E162B3325B000817E3A /* Build configuration list for PBXNativeTarget "diet appUITests" */;
			buildPhases = (
				F9153E022B3325B000817E3A /* Sources */,
				F9153E032B3325B000817E3A /* Frameworks */,
				F9153E042B3325B000817E3A /* Resources */,
			);
			buildRules = (
			);
			dependencies = (
				F9153E082B3325B000817E3A /* PBXTargetDependency */,
			);
			name = "diet appUITests";
			productName = "diet appUITests";
			productReference = F9153E062B3325B000817E3A /* diet appUITests.xctest */;
			productType = "com.apple.product-type.bundle.ui-testing";
		};
/* End PBXNativeTarget section */

/* Begin PBXProject section */
		F9153DDE2B3325AE00817E3A /* Project object */ = {
			isa = PBXProject;
			attributes = {
				BuildIndependentTargetsInParallel = 1;
				LastSwiftUpdateCheck = 1500;
				LastUpgradeCheck = 1500;
				TargetAttributes = {
					F9153DE52B3325AE00817E3A = {
						CreatedOnToolsVersion = 15.0;
					};
					F9153DFB2B3325B000817E3A = {
						CreatedOnToolsVersion = 15.0;
						TestTargetID = F9153DE52B3325AE00817E3A;
					};
					F9153E052B3325B000817E3A = {
						CreatedOnToolsVersion = 15.0;
						TestTargetID = F9153DE52B3325AE00817E3A;
					};
				};
			};
			buildConfigurationList = F9153DE12B3325AE00817E3A /* Build configuration list for PBXProject "diet app" */;
			compatibilityVersion = "Xcode 14.0";
			developmentRegion = en;
			hasScannedForEncodings = 0;
			knownRegions = (
				en,
				Base,
			);
			mainGroup = F9153DDD2B3325AE00817E3A;
			productRefGroup = F9153DE72B3325AE00817E3A /* Products */;
			projectDirPath = "";
			projectRoot = "";
			targets = (
				F9153DE52B3325AE00817E3A /* diet app */,
				F9153DFB2B3325B000817E3A /* diet appTests */,
				F9153E052B3325B000817E3A /* diet appUITests */,
			);
		};
/* End PBXProject section */

/* Begin PBXResourcesBuildPhase section */
		F9153DE42B3325AE00817E3A /* Resources */ = {
			isa = PBXResourcesBuildPhase;
			buildActionMask = 2147483647;
			files = (
				F9153DF62B3325AF00817E3A /* LaunchScreen.storyboard in Resources */,
				F9153DF32B3325AF00817E3A /* Assets.xcassets in Resources */,
				F9153DF12B3325AE00817E3A /* Main.storyboard in Resources */,
			);
			runOnlyForDeploymentPostprocessing = 0;
		};
		F9153DFA2B3325B000817E3A /* Resources */ = {
			isa = PBXResourcesBuildPhase;
			buildActionMask = 2147483647;
			files = (
			);
			runOnlyForDeploymentPostprocessing = 0;
		};
		F9153E042B3325B000817E3A /* Resources */ = {
			isa = PBXResourcesBuildPhase;
			buildActionMask = 2147483647;
			files = (
			);
			runOnlyForDeploymentPostprocessing = 0;
		};
/* End PBXResourcesBuildPhase section */

/* Begin PBXSourcesBuildPhase section */
		F9153DE22B3325AE00817E3A /* Sources */ = {
			isa = PBXSourcesBuildPhase;
			buildActionMask = 2147483647;
			files = (
				F9153E1C2B33BC1300817E3A /* CalendarViewController.swift in Sources */,
				F9153DEE2B3325AE00817E3A /* ViewController.swift in Sources */,
				F9153DEA2B3325AE00817E3A /* AppDelegate.swift in Sources */,
				F9153E1F2B33BC4200817E3A /* GraphViewController.swift in Sources */,
				F9153E1A2B3327B200817E3A /* MainTabBarController.swift in Sources */,
				F9153DEC2B3325AE00817E3A /* SceneDelegate.swift in Sources */,
			);
			runOnlyForDeploymentPostprocessing = 0;
		};
		F9153DF82B3325B000817E3A /* Sources */ = {
			isa = PBXSourcesBuildPhase;
			buildActionMask = 2147483647;
			files = (
				F9153E012B3325B000817E3A /* diet_appTests.swift in Sources */,
			);
			runOnlyForDeploymentPostprocessing = 0;
		};
		F9153E022B3325B000817E3A /* Sources */ = {
			isa = PBXSourcesBuildPhase;
			buildActionMask = 2147483647;
			files = (
				F9153E0D2B3325B000817E3A /* diet_appUITestsLaunchTests.swift in Sources */,
				F9153E0B2B3325B000817E3A /* diet_appUITests.swift in Sources */,
			);
			runOnlyForDeploymentPostprocessing = 0;
		};
/* End PBXSourcesBuildPhase section */

/* Begin PBXTargetDependency section */
		F9153DFE2B3325B000817E3A /* PBXTargetDependency */ = {
			isa = PBXTargetDependency;
			target = F9153DE52B3325AE00817E3A /* diet app */;
			targetProxy = F9153DFD2B3325B000817E3A /* PBXContainerItemProxy */;
		};
		F9153E082B3325B000817E3A /* PBXTargetDependency */ = {
			isa = PBXTargetDependency;
			target = F9153DE52B3325AE00817E3A /* diet app */;
			targetProxy = F9153E072B3325B000817E3A /* PBXContainerItemProxy */;
		};
/* End PBXTargetDependency section */

/* Begin PBXVariantGroup section */
		F9153DEF2B3325AE00817E3A /* Main.storyboard */ = {
			isa = PBXVariantGroup;
			children = (
				F9153DF02B3325AE00817E3A /* Base */,
			);
			name = Main.storyboard;
			sourceTree = "<group>";
		};
		F9153DF42B3325AF00817E3A /* LaunchScreen.storyboard */ = {
			isa = PBXVariantGroup;
			children = (
				F9153DF52B3325AF00817E3A /* Base */,
			);
			name = LaunchScreen.storyboard;
			sourceTree = "<group>";
		};
/* End PBXVariantGroup section */

/* Begin XCBuildConfiguration section */
		F9153E0E2B3325B000817E3A /* Debug */ = {
			isa = XCBuildConfiguration;
			buildSettings = {
				ALWAYS_SEARCH_USER_PATHS = NO;
				ASSETCATALOG_COMPILER_GENERATE_SWIFT_ASSET_SYMBOL_EXTENSIONS = YES;
				CLANG_ANALYZER_NONNULL = YES;
				CLANG_ANALYZER_NUMBER_OBJECT_CONVERSION = YES_AGGRESSIVE;
				CLANG_CXX_LANGUAGE_STANDARD = "gnu++20";
				CLANG_ENABLE_MODULES = YES;
				CLANG_ENABLE_OBJC_ARC = YES;
				CLANG_ENABLE_OBJC_WEAK = YES;
				CLANG_WARN_BLOCK_CAPTURE_AUTORELEASING = YES;
				CLANG_WARN_BOOL_CONVERSION = YES;
				CLANG_WARN_COMMA = YES;
				CLANG_WARN_CONSTANT_CONVERSION = YES;
				CLANG_WARN_DEPRECATED_OBJC_IMPLEMENTATIONS = YES;
				CLANG_WARN_DIRECT_OBJC_ISA_USAGE = YES_ERROR;
				CLANG_WARN_DOCUMENTATION_COMMENTS = YES;
				CLANG_WARN_EMPTY_BODY = YES;
				CLANG_WARN_ENUM_CONVERSION = YES;
				CLANG_WARN_INFINITE_RECURSION = YES;
				CLANG_WARN_INT_CONVERSION = YES;
				CLANG_WARN_NON_LITERAL_NULL_CONVERSION = YES;
				CLANG_WARN_OBJC_IMPLICIT_RETAIN_SELF = YES;
				CLANG_WARN_OBJC_LITERAL_CONVERSION = YES;
				CLANG_WARN_OBJC_ROOT_CLASS = YES_ERROR;
				CLANG_WARN_QUOTED_INCLUDE_IN_FRAMEWORK_HEADER = YES;
				CLANG_WARN_RANGE_LOOP_ANALYSIS = YES;
				CLANG_WARN_STRICT_PROTOTYPES = YES;
				CLANG_WARN_SUSPICIOUS_MOVE = YES;
				CLANG_WARN_UNGUARDED_AVAILABILITY = YES_AGGRESSIVE;
				CLANG_WARN_UNREACHABLE_CODE = YES;
				CLANG_WARN__DUPLICATE_METHOD_MATCH = YES;
				COPY_PHASE_STRIP = NO;
				DEBUG_INFORMATION_FORMAT = dwarf;
				ENABLE_STRICT_OBJC_MSGSEND = YES;
				ENABLE_TESTABILITY = YES;
				ENABLE_USER_SCRIPT_SANDBOXING = YES;
				GCC_C_LANGUAGE_STANDARD = gnu17;
				GCC_DYNAMIC_NO_PIC = NO;
				GCC_NO_COMMON_BLOCKS = YES;
				GCC_OPTIMIZATION_LEVEL = 0;
				GCC_PREPROCESSOR_DEFINITIONS = (
					"DEBUG=1",
					"$(inherited)",
				);
				GCC_WARN_64_TO_32_BIT_CONVERSION = YES;
				GCC_WARN_ABOUT_RETURN_TYPE = YES_ERROR;
				GCC_WARN_UNDECLARED_SELECTOR = YES;
				GCC_WARN_UNINITIALIZED_AUTOS = YES_AGGRESSIVE;
				GCC_WARN_UNUSED_FUNCTION = YES;
				GCC_WARN_UNUSED_VARIABLE = YES;
				IPHONEOS_DEPLOYMENT_TARGET = 17.0;
				LOCALIZATION_PREFERS_STRING_CATALOGS = YES;
				MTL_ENABLE_DEBUG_INFO = INCLUDE_SOURCE;
				MTL_FAST_MATH = YES;
				ONLY_ACTIVE_ARCH = YES;
				SDKROOT = iphoneos;
				SWIFT_ACTIVE_COMPILATION_CONDITIONS = "DEBUG $(inherited)";
				SWIFT_OPTIMIZATION_LEVEL = "-Onone";
			};
			name = Debug;
		};
		F9153E0F2B3325B000817E3A /* Release */ = {
			isa = XCBuildConfiguration;
			buildSettings = {
				ALWAYS_SEARCH_USER_PATHS = NO;
				ASSETCATALOG_COMPILER_GENERATE_SWIFT_ASSET_SYMBOL_EXTENSIONS = YES;
				CLANG_ANALYZER_NONNULL = YES;
				CLANG_ANALYZER_NUMBER_OBJECT_CONVERSION = YES_AGGRESSIVE;
				CLANG_CXX_LANGUAGE_STANDARD = "gnu++20";
				CLANG_ENABLE_MODULES = YES;
				CLANG_ENABLE_OBJC_ARC = YES;
				CLANG_ENABLE_OBJC_WEAK = YES;
				CLANG_WARN_BLOCK_CAPTURE_AUTORELEASING = YES;
				CLANG_WARN_BOOL_CONVERSION = YES;
				CLANG_WARN_COMMA = YES;
				CLANG_WARN_CONSTANT_CONVERSION = YES;
				CLANG_WARN_DEPRECATED_OBJC_IMPLEMENTATIONS = YES;
				CLANG_WARN_DIRECT_OBJC_ISA_USAGE = YES_ERROR;
				CLANG_WARN_DOCUMENTATION_COMMENTS = YES;
				CLANG_WARN_EMPTY_BODY = YES;
				CLANG_WARN_ENUM_CONVERSION = YES;
				CLANG_WARN_INFINITE_RECURSION = YES;
				CLANG_WARN_INT_CONVERSION = YES;
				CLANG_WARN_NON_LITERAL_NULL_CONVERSION = YES;
				CLANG_WARN_OBJC_IMPLICIT_RETAIN_SELF = YES;
				CLANG_WARN_OBJC_LITERAL_CONVERSION = YES;
				CLANG_WARN_OBJC_ROOT_CLASS = YES_ERROR;
				CLANG_WARN_QUOTED_INCLUDE_IN_FRAMEWORK_HEADER = YES;
				CLANG_WARN_RANGE_LOOP_ANALYSIS = YES;
				CLANG_WARN_STRICT_PROTOTYPES = YES;
				CLANG_WARN_SUSPICIOUS_MOVE = YES;
				CLANG_WARN_UNGUARDED_AVAILABILITY = YES_AGGRESSIVE;
				CLANG_WARN_UNREACHABLE_CODE = YES;
				CLANG_WARN__DUPLICATE_METHOD_MATCH = YES;
				COPY_PHASE_STRIP = NO;
				DEBUG_INFORMATION_FORMAT = "dwarf-with-dsym";
				ENABLE_NS_ASSERTIONS = NO;
				ENABLE_STRICT_OBJC_MSGSEND = YES;
				ENABLE_USER_SCRIPT_SANDBOXING = YES;
				GCC_C_LANGUAGE_STANDARD = gnu17;
				GCC_NO_COMMON_BLOCKS = YES;
				GCC_WARN_64_TO_32_BIT_CONVERSION = YES;
				GCC_WARN_ABOUT_RETURN_TYPE = YES_ERROR;
				GCC_WARN_UNDECLARED_SELECTOR = YES;
				GCC_WARN_UNINITIALIZED_AUTOS = YES_AGGRESSIVE;
				GCC_WARN_UNUSED_FUNCTION = YES;
				GCC_WARN_UNUSED_VARIABLE = YES;
				IPHONEOS_DEPLOYMENT_TARGET = 17.0;
				LOCALIZATION_PREFERS_STRING_CATALOGS = YES;
				MTL_ENABLE_DEBUG_INFO = NO;
				MTL_FAST_MATH = YES;
				SDKROOT = iphoneos;
				SWIFT_COMPILATION_MODE = wholemodule;
				VALIDATE_PRODUCT = YES;
			};
			name = Release;
		};
		F9153E112B3325B000817E3A /* Debug */ = {
			isa = XCBuildConfiguration;
			buildSettings = {
				ASSETCATALOG_COMPILER_APPICON_NAME = AppIcon;
				ASSETCATALOG_COMPILER_GLOBAL_ACCENT_COLOR_NAME = AccentColor;
				CODE_SIGN_STYLE = Automatic;
				CURRENT_PROJECT_VERSION = 1;
				DEVELOPMENT_TEAM = HWN9L6H4F8;
				GENERATE_INFOPLIST_FILE = YES;
				INFOPLIST_FILE = "diet app/Info.plist";
				INFOPLIST_KEY_UIApplicationSupportsIndirectInputEvents = YES;
				INFOPLIST_KEY_UILaunchStoryboardName = LaunchScreen;
				INFOPLIST_KEY_UIMainStoryboardFile = Main;
				INFOPLIST_KEY_UISupportedInterfaceOrientations_iPad = "UIInterfaceOrientationPortrait UIInterfaceOrientationPortraitUpsideDown UIInterfaceOrientationLandscapeLeft UIInterfaceOrientationLandscapeRight";
				INFOPLIST_KEY_UISupportedInterfaceOrientations_iPhone = "UIInterfaceOrientationPortrait UIInterfaceOrientationLandscapeLeft UIInterfaceOrientationLandscapeRight";
				LD_RUNPATH_SEARCH_PATHS = (
					"$(inherited)",
					"@executable_path/Frameworks",
				);
				MARKETING_VERSION = 1.0;
				PRODUCT_BUNDLE_IDENTIFIER = "memo.diet-app";
				PRODUCT_NAME = "$(TARGET_NAME)";
				SWIFT_EMIT_LOC_STRINGS = YES;
				SWIFT_VERSION = 5.0;
				TARGETED_DEVICE_FAMILY = "1,2";
			};
			name = Debug;
		};
		F9153E122B3325B000817E3A /* Release */ = {
			isa = XCBuildConfiguration;
			buildSettings = {
				ASSETCATALOG_COMPILER_APPICON_NAME = AppIcon;
				ASSETCATALOG_COMPILER_GLOBAL_ACCENT_COLOR_NAME = AccentColor;
				CODE_SIGN_STYLE = Automatic;
				CURRENT_PROJECT_VERSION = 1;
				DEVELOPMENT_TEAM = HWN9L6H4F8;
				GENERATE_INFOPLIST_FILE = YES;
				INFOPLIST_FILE = "diet app/Info.plist";
				INFOPLIST_KEY_UIApplicationSupportsIndirectInputEvents = YES;
				INFOPLIST_KEY_UILaunchStoryboardName = LaunchScreen;
				INFOPLIST_KEY_UIMainStoryboardFile = Main;
				INFOPLIST_KEY_UISupportedInterfaceOrientations_iPad = "UIInterfaceOrientationPortrait UIInterfaceOrientationPortraitUpsideDown UIInterfaceOrientationLandscapeLeft UIInterfaceOrientationLandscapeRight";
				INFOPLIST_KEY_UISupportedInterfaceOrientations_iPhone = "UIInterfaceOrientationPortrait UIInterfaceOrientationLandscapeLeft UIInterfaceOrientationLandscapeRight";
				LD_RUNPATH_SEARCH_PATHS = (
					"$(inherited)",
					"@executable_path/Frameworks",
				);
				MARKETING_VERSION = 1.0;
				PRODUCT_BUNDLE_IDENTIFIER = "memo.diet-app";
				PRODUCT_NAME = "$(TARGET_NAME)";
				SWIFT_EMIT_LOC_STRINGS = YES;
				SWIFT_VERSION = 5.0;
				TARGETED_DEVICE_FAMILY = "1,2";
			};
			name = Release;
		};
		F9153E142B3325B000817E3A /* Debug */ = {
			isa = XCBuildConfiguration;
			buildSettings = {
				ALWAYS_EMBED_SWIFT_STANDARD_LIBRARIES = YES;
				BUNDLE_LOADER = "$(TEST_HOST)";
				CODE_SIGN_STYLE = Automatic;
				CURRENT_PROJECT_VERSION = 1;
				DEVELOPMENT_TEAM = HWN9L6H4F8;
				GENERATE_INFOPLIST_FILE = YES;
				IPHONEOS_DEPLOYMENT_TARGET = 17.0;
				MARKETING_VERSION = 1.0;
				PRODUCT_BUNDLE_IDENTIFIER = "memo.diet-appTests";
				PRODUCT_NAME = "$(TARGET_NAME)";
				SWIFT_EMIT_LOC_STRINGS = NO;
				SWIFT_VERSION = 5.0;
				TARGETED_DEVICE_FAMILY = "1,2";
				TEST_HOST = "$(BUILT_PRODUCTS_DIR)/diet app.app/$(BUNDLE_EXECUTABLE_FOLDER_PATH)/diet app";
			};
			name = Debug;
		};
		F9153E152B3325B000817E3A /* Release */ = {
			isa = XCBuildConfiguration;
			buildSettings = {
				ALWAYS_EMBED_SWIFT_STANDARD_LIBRARIES = YES;
				BUNDLE_LOADER = "$(TEST_HOST)";
				CODE_SIGN_STYLE = Automatic;
				CURRENT_PROJECT_VERSION = 1;
				DEVELOPMENT_TEAM = HWN9L6H4F8;
				GENERATE_INFOPLIST_FILE = YES;
				IPHONEOS_DEPLOYMENT_TARGET = 17.0;
				MARKETING_VERSION = 1.0;
				PRODUCT_BUNDLE_IDENTIFIER = "memo.diet-appTests";
				PRODUCT_NAME = "$(TARGET_NAME)";
				SWIFT_EMIT_LOC_STRINGS = NO;
				SWIFT_VERSION = 5.0;
				TARGETED_DEVICE_FAMILY = "1,2";
				TEST_HOST = "$(BUILT_PRODUCTS_DIR)/diet app.app/$(BUNDLE_EXECUTABLE_FOLDER_PATH)/diet app";
			};
			name = Release;
		};
		F9153E172B3325B000817E3A /* Debug */ = {
			isa = XCBuildConfiguration;
			buildSettings = {
				ALWAYS_EMBED_SWIFT_STANDARD_LIBRARIES = YES;
				CODE_SIGN_STYLE = Automatic;
				CURRENT_PROJECT_VERSION = 1;
				DEVELOPMENT_TEAM = HWN9L6H4F8;
				GENERATE_INFOPLIST_FILE = YES;
				MARKETING_VERSION = 1.0;
				PRODUCT_BUNDLE_IDENTIFIER = "memo.diet-appUITests";
				PRODUCT_NAME = "$(TARGET_NAME)";
				SWIFT_EMIT_LOC_STRINGS = NO;
				SWIFT_VERSION = 5.0;
				TARGETED_DEVICE_FAMILY = "1,2";
				TEST_TARGET_NAME = "diet app";
			};
			name = Debug;
		};
		F9153E182B3325B000817E3A /* Release */ = {
			isa = XCBuildConfiguration;
			buildSettings = {
				ALWAYS_EMBED_SWIFT_STANDARD_LIBRARIES = YES;
				CODE_SIGN_STYLE = Automatic;
				CURRENT_PROJECT_VERSION = 1;
				DEVELOPMENT_TEAM = HWN9L6H4F8;
				GENERATE_INFOPLIST_FILE = YES;
				MARKETING_VERSION = 1.0;
				PRODUCT_BUNDLE_IDENTIFIER = "memo.diet-appUITests";
				PRODUCT_NAME = "$(TARGET_NAME)";
				SWIFT_EMIT_LOC_STRINGS = NO;
				SWIFT_VERSION = 5.0;
				TARGETED_DEVICE_FAMILY = "1,2";
				TEST_TARGET_NAME = "diet app";
			};
			name = Release;
		};
/* End XCBuildConfiguration section */

/* Begin XCConfigurationList section */
		F9153DE12B3325AE00817E3A /* Build configuration list for PBXProject "diet app" */ = {
			isa = XCConfigurationList;
			buildConfigurations = (
				F9153E0E2B3325B000817E3A /* Debug */,
				F9153E0F2B3325B000817E3A /* Release */,
			);
			defaultConfigurationIsVisible = 0;
			defaultConfigurationName = Release;
		};
		F9153E102B3325B000817E3A /* Build configuration list for PBXNativeTarget "diet app" */ = {
			isa = XCConfigurationList;
			buildConfigurations = (
				F9153E112B3325B000817E3A /* Debug */,
				F9153E122B3325B000817E3A /* Release */,
			);
			defaultConfigurationIsVisible = 0;
			defaultConfigurationName = Release;
		};
		F9153E132B3325B000817E3A /* Build configuration list for PBXNativeTarget "diet appTests" */ = {
			isa = XCConfigurationList;
			buildConfigurations = (
				F9153E142B3325B000817E3A /* Debug */,
				F9153E152B3325B000817E3A /* Release */,
			);
			defaultConfigurationIsVisible = 0;
			defaultConfigurationName = Release;
		};
		F9153E162B3325B000817E3A /* Build configuration list for PBXNativeTarget "diet appUITests" */ = {
			isa = XCConfigurationList;
			buildConfigurations = (
				F9153E172B3325B000817E3A /* Debug */,
				F9153E182B3325B000817E3A /* Release */,
			);
			defaultConfigurationIsVisible = 0;
			defaultConfigurationName = Release;
		};
/* End XCConfigurationList section */
	};
	rootObject = F9153DDE2B3325AE00817E3A /* Project object */;
}
